
Microsoft Visual Studio Solution File, Format Version 12.00
# Visual Studio Version 17
VisualStudioVersion = 17.10.35027.167
MinimumVisualStudioVersion = 10.0.40219.1
Project("{9A19103F-16F7-4668-BE54-9A1E7A4F7556}") = "Bloqqer.WebAPI", "Bloqqer.WebAPI\Bloqqer.WebAPI.csproj", "{E3EB8BD9-B84E-4E8A-BAC6-FD7AF26C29CC}"
EndProject
Project("{9A19103F-16F7-4668-BE54-9A1E7A4F7556}") = "Bloqqer.Infrastructure", "Bloqqer.Infrastructure\Bloqqer.Infrastructure.csproj", "{8C22213D-7459-4D44-8063-2320ADEF2C19}"
EndProject
Project("{9A19103F-16F7-4668-BE54-9A1E7A4F7556}") = "Bloqqer.Domain", "Bloqqer.Domain\Bloqqer.Domain.csproj", "{A9E9176F-B8D3-4435-9063-A65948E8D8B2}"
EndProject
Project("{FAE04EC0-301F-11D3-BF4B-00C04F79EFBC}") = "Bloqqer.Application", "Bloqqer.Application\Bloqqer.Application.csproj", "{B9159A5F-0B51-4C2F-8CF8-429D0BE6B90C}"
EndProject
Global
	GlobalSection(SolutionConfigurationPlatforms) = preSolution
		Debug|Any CPU = Debug|Any CPU
		Release|Any CPU = Release|Any CPU
	EndGlobalSection
	GlobalSection(ProjectConfigurationPlatforms) = postSolution
		{E3EB8BD9-B84E-4E8A-BAC6-FD7AF26C29CC}.Debug|Any CPU.ActiveCfg = Debug|Any CPU
		{E3EB8BD9-B84E-4E8A-BAC6-FD7AF26C29CC}.Debug|Any CPU.Build.0 = Debug|Any CPU
		{E3EB8BD9-B84E-4E8A-BAC6-FD7AF26C29CC}.Release|Any CPU.ActiveCfg = Release|Any CPU
		{E3EB8BD9-B84E-4E8A-BAC6-FD7AF26C29CC}.Release|Any CPU.Build.0 = Release|Any CPU
		{8C22213D-7459-4D44-8063-2320ADEF2C19}.Debug|Any CPU.ActiveCfg = Debug|Any CPU
		{8C22213D-7459-4D44-8063-2320ADEF2C19}.Debug|Any CPU.Build.0 = Debug|Any CPU
		{8C22213D-7459-4D44-8063-2320ADEF2C19}.Release|Any CPU.ActiveCfg = Release|Any CPU
		{8C22213D-7459-4D44-8063-2320ADEF2C19}.Release|Any CPU.Build.0 = Release|Any CPU
		{A9E9176F-B8D3-4435-9063-A65948E8D8B2}.Debug|Any CPU.ActiveCfg = Debug|Any CPU
		{A9E9176F-B8D3-4435-9063-A65948E8D8B2}.Debug|Any CPU.Build.0 = Debug|Any CPU
		{A9E9176F-B8D3-4435-9063-A65948E8D8B2}.Release|Any CPU.ActiveCfg = Release|Any CPU
		{A9E9176F-B8D3-4435-9063-A65948E8D8B2}.Release|Any CPU.Build.0 = Release|Any CPU
		{B9159A5F-0B51-4C2F-8CF8-429D0BE6B90C}.Debug|Any CPU.ActiveCfg = Debug|Any CPU
		{B9159A5F-0B51-4C2F-8CF8-429D0BE6B90C}.Debug|Any CPU.Build.0 = Debug|Any CPU
		{B9159A5F-0B51-4C2F-8CF8-429D0BE6B90C}.Release|Any CPU.ActiveCfg = Release|Any CPU
		{B9159A5F-0B51-4C2F-8CF8-429D0BE6B90C}.Release|Any CPU.Build.0 = Release|Any CPU
	EndGlobalSection
	GlobalSection(SolutionProperties) = preSolution
		HideSolutionNode = FALSE
	EndGlobalSection
	GlobalSection(ExtensibilityGlobals) = postSolution
		SolutionGuid = {22F45333-FCDA-4907-85FA-DF6ADCE748EF}
	EndGlobalSection
EndGlobal
